// !$*UTF8*$!
{
	archiveVersion = 1;
	classes = {
	};
	objectVersion = 48;
	objects = {

/* Begin PBXBuildFile section */
		536877752039AB3200DBADAC /* AppDelegate.swift in Sources */ = {isa = PBXBuildFile; fileRef = 536877742039AB3200DBADAC /* AppDelegate.swift */; };
		536877772039AB3200DBADAC /* ViewController.swift in Sources */ = {isa = PBXBuildFile; fileRef = 536877762039AB3200DBADAC /* ViewController.swift */; };
		5368777A2039AB3200DBADAC /* Main.storyboard in Resources */ = {isa = PBXBuildFile; fileRef = 536877782039AB3200DBADAC /* Main.storyboard */; };
		5368777D2039AB3200DBADAC /* FifthAssignment.xcdatamodeld in Sources */ = {isa = PBXBuildFile; fileRef = 5368777B2039AB3200DBADAC /* FifthAssignment.xcdatamodeld */; };
		5368777F2039AB3200DBADAC /* Assets.xcassets in Resources */ = {isa = PBXBuildFile; fileRef = 5368777E2039AB3200DBADAC /* Assets.xcassets */; };
		536877822039AB3200DBADAC /* LaunchScreen.storyboard in Resources */ = {isa = PBXBuildFile; fileRef = 536877802039AB3200DBADAC /* LaunchScreen.storyboard */; };
/* End PBXBuildFile section */

/* Begin PBXFileReference section */
		536877712039AB3200DBADAC /* FifthAssignment.app */ = {isa = PBXFileReference; explicitFileType = wrapper.application; includeInIndex = 0; path = FifthAssignment.app; sourceTree = BUILT_PRODUCTS_DIR; };
		536877742039AB3200DBADAC /* AppDelegate.swift */ = {isa = PBXFileReference; lastKnownFileType = sourcecode.swift; path = AppDelegate.swift; sourceTree = "<group>"; };
		536877762039AB3200DBADAC /* ViewController.swift */ = {isa = PBXFileReference; lastKnownFileType = sourcecode.swift; path = ViewController.swift; sourceTree = "<group>"; };
		536877792039AB3200DBADAC /* Base */ = {isa = PBXFileReference; lastKnownFileType = file.storyboard; name = Base; path = Base.lproj/Main.storyboard; sourceTree = "<group>"; };
		5368777C2039AB3200DBADAC /* FifthAssignment.xcdatamodel */ = {isa = PBXFileReference; lastKnownFileType = wrapper.xcdatamodel; path = FifthAssignment.xcdatamodel; sourceTree = "<group>"; };
		5368777E2039AB3200DBADAC /* Assets.xcassets */ = {isa = PBXFileReference; lastKnownFileType = folder.assetcatalog; path = Assets.xcassets; sourceTree = "<group>"; };
		536877812039AB3200DBADAC /* Base */ = {isa = PBXFileReference; lastKnownFileType = file.storyboard; name = Base; path = Base.lproj/LaunchScreen.storyboard; sourceTree = "<group>"; };
		536877832039AB3200DBADAC /* Info.plist */ = {isa = PBXFileReference; lastKnownFileType = text.plist.xml; path = Info.plist; sourceTree = "<group>"; };
/* End PBXFileReference section */

/* Begin PBXFrameworksBuildPhase section */
		5368776E2039AB3200DBADAC /* Frameworks */ = {
			isa = PBXFrameworksBuildPhase;
			buildActionMask = 2147483647;
			files = (
			);
			runOnlyForDeploymentPostprocessing = 0;
		};
/* End PBXFrameworksBuildPhase section */

/* Begin PBXGroup section */
		536877682039AB3200DBADAC = {
			isa = PBXGroup;
			children = (
				536877732039AB3200DBADAC /* FifthAssignment */,
				536877722039AB3200DBADAC /* Products */,
			);
			sourceTree = "<group>";
		};
		536877722039AB3200DBADAC /* Products */ = {
			isa = PBXGroup;
			children = (
				536877712039AB3200DBADAC /* FifthAssignment.app */,
			);
			name = Products;
			sourceTree = "<group>";
		};
		536877732039AB3200DBADAC /* FifthAssignment */ = {
			isa = PBXGroup;
			children = (
				536877742039AB3200DBADAC /* AppDelegate.swift */,
				536877762039AB3200DBADAC /* ViewController.swift */,
				536877782039AB3200DBADAC /* Main.storyboard */,
				5368777E2039AB3200DBADAC /* Assets.xcassets */,
				536877802039AB3200DBADAC /* LaunchScreen.storyboard */,
				536877832039AB3200DBADAC /* Info.plist */,
				5368777B2039AB3200DBADAC /* FifthAssignment.xcdatamodeld */,
			);
			path = FifthAssignment;
			sourceTree = "<group>";
		};
/* End PBXGroup section */

/* Begin PBXNativeTarget section */
		536877702039AB3200DBADAC /* FifthAssignment */ = {
			isa = PBXNativeTarget;
			buildConfigurationList = 536877862039AB3200DBADAC /* Build configuration list for PBXNativeTarget "FifthAssignment" */;
			buildPhases = (
				5368776D2039AB3200DBADAC /* Sources */,
				5368776E2039AB3200DBADAC /* Frameworks */,
				5368776F2039AB3200DBADAC /* Resources */,
			);
			buildRules = (
			);
			dependencies = (
			);
			name = FifthAssignment;
			productName = FifthAssignment;
			productReference = 536877712039AB3200DBADAC /* FifthAssignment.app */;
			productType = "com.apple.product-type.application";
		};
/* End PBXNativeTarget section */

/* Begin PBXProject section */
		536877692039AB3200DBADAC /* Project object */ = {
			isa = PBXProject;
			attributes = {
				LastSwiftUpdateCheck = 0920;
				LastUpgradeCheck = 0920;
				ORGANIZATIONNAME = "Юля Пономарева";
				TargetAttributes = {
					536877702039AB3200DBADAC = {
						CreatedOnToolsVersion = 9.2;
						ProvisioningStyle = Automatic;
					};
				};
			};
			buildConfigurationList = 5368776C2039AB3200DBADAC /* Build configuration list for PBXProject "FifthAssignment" */;
			compatibilityVersion = "Xcode 8.0";
			developmentRegion = en;
			hasScannedForEncodings = 0;
			knownRegions = (
				en,
				Base,
			);
			mainGroup = 536877682039AB3200DBADAC;
			productRefGroup = 536877722039AB3200DBADAC /* Products */;
			projectDirPath = "";
			projectRoot = "";
			targets = (
				536877702039AB3200DBADAC /* FifthAssignment */,
			);
		};
/* End PBXProject section */

/* Begin PBXResourcesBuildPhase section */
		5368776F2039AB3200DBADAC /* Resources */ = {
			isa = PBXResourcesBuildPhase;
			buildActionMask = 2147483647;
			files = (
				536877822039AB3200DBADAC /* LaunchScreen.storyboard in Resources */,
				5368777F2039AB3200DBADAC /* Assets.xcassets in Resources */,
				5368777A2039AB3200DBADAC /* Main.storyboard in Resources */,
			);
			runOnlyForDeploymentPostprocessing = 0;
		};
/* End PBXResourcesBuildPhase section */

/* Begin PBXSourcesBuildPhase section */
		5368776D2039AB3200DBADAC /* Sources */ = {
			isa = PBXSourcesBuildPhase;
			buildActionMask = 2147483647;
			files = (
				5368777D2039AB3200DBADAC /* FifthAssignment.xcdatamodeld in Sources */,
				536877772039AB3200DBADAC /* ViewController.swift in Sources */,
				536877752039AB3200DBADAC /* AppDelegate.swift in Sources */,
			);
			runOnlyForDeploymentPostprocessing = 0;
		};
/* End PBXSourcesBuildPhase section */

/* Begin PBXVariantGroup section */
		536877782039AB3200DBADAC /* Main.storyboard */ = {
			isa = PBXVariantGroup;
			children = (
				536877792039AB3200DBADAC /* Base */,
			);
			name = Main.storyboard;
			sourceTree = "<group>";
		};
		536877802039AB3200DBADAC /* LaunchScreen.storyboard */ = {
			isa = PBXVariantGroup;
			children = (
				536877812039AB3200DBADAC /* Base */,
			);
			name = LaunchScreen.storyboard;
			sourceTree = "<group>";
		};
/* End PBXVariantGroup section */

/* Begin XCBuildConfiguration section */
		536877842039AB3200DBADAC /* Debug */ = {
			isa = XCBuildConfiguration;
			buildSettings = {
				ALWAYS_SEARCH_USER_PATHS = NO;
				CLANG_ANALYZER_NONNULL = YES;
				CLANG_ANALYZER_NUMBER_OBJECT_CONVERSION = YES_AGGRESSIVE;
				CLANG_CXX_LANGUAGE_STANDARD = "gnu++14";
				CLANG_CXX_LIBRARY = "libc++";
				CLANG_ENABLE_MODULES = YES;
				CLANG_ENABLE_OBJC_ARC = YES;
				CLANG_WARN_BLOCK_CAPTURE_AUTORELEASING = YES;
				CLANG_WARN_BOOL_CONVERSION = YES;
				CLANG_WARN_COMMA = YES;
				CLANG_WARN_CONSTANT_CONVERSION = YES;
				CLANG_WARN_DIRECT_OBJC_ISA_USAGE = YES_ERROR;
				CLANG_WARN_DOCUMENTATION_COMMENTS = YES;
				CLANG_WARN_EMPTY_BODY = YES;
				CLANG_WARN_ENUM_CONVERSION = YES;
				CLANG_WARN_INFINITE_RECURSION = YES;
				CLANG_WARN_INT_CONVERSION = YES;
				CLANG_WARN_NON_LITERAL_NULL_CONVERSION = YES;
				CLANG_WARN_OBJC_LITERAL_CONVERSION = YES;
				CLANG_WARN_OBJC_ROOT_CLASS = YES_ERROR;
				CLANG_WARN_RANGE_LOOP_ANALYSIS = YES;
				CLANG_WARN_STRICT_PROTOTYPES = YES;
				CLANG_WARN_SUSPICIOUS_MOVE = YES;
				CLANG_WARN_UNGUARDED_AVAILABILITY = YES_AGGRESSIVE;
				CLANG_WARN_UNREACHABLE_CODE = YES;
				CLANG_WARN__DUPLICATE_METHOD_MATCH = YES;
				CODE_SIGN_IDENTITY = "iPhone Developer";
				COPY_PHASE_STRIP = NO;
				DEBUG_INFORMATION_FORMAT = dwarf;
				ENABLE_STRICT_OBJC_MSGSEND = YES;
				ENABLE_TESTABILITY = YES;
				GCC_C_LANGUAGE_STANDARD = gnu11;
				GCC_DYNAMIC_NO_PIC = NO;
				GCC_NO_COMMON_BLOCKS = YES;
				GCC_OPTIMIZATION_LEVEL = 0;
				GCC_PREPROCESSOR_DEFINITIONS = (
					"DEBUG=1",
					"$(inherited)",
				);
				GCC_WARN_64_TO_32_BIT_CONVERSION = YES;
				GCC_WARN_ABOUT_RETURN_TYPE = YES_ERROR;
				GCC_WARN_UNDECLARED_SELECTOR = YES;
				GCC_WARN_UNINITIALIZED_AUTOS = YES_AGGRESSIVE;
				GCC_WARN_UNUSED_FUNCTION = YES;
				GCC_WARN_UNUSED_VARIABLE = YES;
				IPHONEOS_DEPLOYMENT_TARGET = 11.2;
				MTL_ENABLE_DEBUG_INFO = YES;
				ONLY_ACTIVE_ARCH = YES;
				SDKROOT = iphoneos;
				SWIFT_ACTIVE_COMPILATION_CONDITIONS = DEBUG;
				SWIFT_OPTIMIZATION_LEVEL = "-Onone";
			};
			name = Debug;
		};
		536877852039AB3200DBADAC /* Release */ = {
			isa = XCBuildConfiguration;
			buildSettings = {
				ALWAYS_SEARCH_USER_PATHS = NO;
				CLANG_ANALYZER_NONNULL = YES;
				CLANG_ANALYZER_NUMBER_OBJECT_CONVERSION = YES_AGGRESSIVE;
				CLANG_CXX_LANGUAGE_STANDARD = "gnu++14";
				CLANG_CXX_LIBRARY = "libc++";
				CLANG_ENABLE_MODULES = YES;
				CLANG_ENABLE_OBJC_ARC = YES;
				CLANG_WARN_BLOCK_CAPTURE_AUTORELEASING = YES;
				CLANG_WARN_BOOL_CONVERSION = YES;
				CLANG_WARN_COMMA = YES;
				CLANG_WARN_CONSTANT_CONVERSION = YES;
				CLANG_WARN_DIRECT_OBJC_ISA_USAGE = YES_ERROR;
				CLANG_WARN_DOCUMENTATION_COMMENTS = YES;
				CLANG_WARN_EMPTY_BODY = YES;
				CLANG_WARN_ENUM_CONVERSION = YES;
				CLANG_WARN_INFINITE_RECURSION = YES;
				CLANG_WARN_INT_CONVERSION = YES;
				CLANG_WARN_NON_LITERAL_NULL_CONVERSION = YES;
				CLANG_WARN_OBJC_LITERAL_CONVERSION = YES;
				CLANG_WARN_OBJC_ROOT_CLASS = YES_ERROR;
				CLANG_WARN_RANGE_LOOP_ANALYSIS = YES;
				CLANG_WARN_STRICT_PROTOTYPES = YES;
				CLANG_WARN_SUSPICIOUS_MOVE = YES;
				CLANG_WARN_UNGUARDED_AVAILABILITY = YES_AGGRESSIVE;
				CLANG_WARN_UNREACHABLE_CODE = YES;
				CLANG_WARN__DUPLICATE_METHOD_MATCH = YES;
				CODE_SIGN_IDENTITY = "iPhone Developer";
				COPY_PHASE_STRIP = NO;
				DEBUG_INFORMATION_FORMAT = "dwarf-with-dsym";
				ENABLE_NS_ASSERTIONS = NO;
				ENABLE_STRICT_OBJC_MSGSEND = YES;
				GCC_C_LANGUAGE_STANDARD = gnu11;
				GCC_NO_COMMON_BLOCKS = YES;
				GCC_WARN_64_TO_32_BIT_CONVERSION = YES;
				GCC_WARN_ABOUT_RETURN_TYPE = YES_ERROR;
				GCC_WARN_UNDECLARED_SELECTOR = YES;
				GCC_WARN_UNINITIALIZED_AUTOS = YES_AGGRESSIVE;
				GCC_WARN_UNUSED_FUNCTION = YES;
				GCC_WARN_UNUSED_VARIABLE = YES;
				IPHONEOS_DEPLOYMENT_TARGET = 11.2;
				MTL_ENABLE_DEBUG_INFO = NO;
				SDKROOT = iphoneos;
				SWIFT_OPTIMIZATION_LEVEL = "-Owholemodule";
				VALIDATE_PRODUCT = YES;
			};
			name = Release;
		};
		536877872039AB3200DBADAC /* Debug */ = {
			isa = XCBuildConfiguration;
			buildSettings = {
				ASSETCATALOG_COMPILER_APPICON_NAME = AppIcon;
				CODE_SIGN_STYLE = Automatic;
				DEVELOPMENT_TEAM = BRG69SQZDF;
				INFOPLIST_FILE = FifthAssignment/Info.plist;
				LD_RUNPATH_SEARCH_PATHS = "$(inherited) @executable_path/Frameworks";
				PRODUCT_BUNDLE_IDENTIFIER = yulia.FifthAssignment;
				PRODUCT_NAME = "$(TARGET_NAME)";
				SWIFT_VERSION = 4.0;
				TARGETED_DEVICE_FAMILY = "1,2";
			};
			name = Debug;
		};
		536877882039AB3200DBADAC /* Release */ = {
			isa = XCBuildConfiguration;
			buildSettings = {
				ASSETCATALOG_COMPILER_APPICON_NAME = AppIcon;
				CODE_SIGN_STYLE = Automatic;
				DEVELOPMENT_TEAM = BRG69SQZDF;
				INFOPLIST_FILE = FifthAssignment/Info.plist;
				LD_RUNPATH_SEARCH_PATHS = "$(inherited) @executable_path/Frameworks";
				PRODUCT_BUNDLE_IDENTIFIER = yulia.FifthAssignment;
				PRODUCT_NAME = "$(TARGET_NAME)";
				SWIFT_VERSION = 4.0;
				TARGETED_DEVICE_FAMILY = "1,2";
			};
			name = Release;
		};
/* End XCBuildConfiguration section */

/* Begin XCConfigurationList section */
		5368776C2039AB3200DBADAC /* Build configuration list for PBXProject "FifthAssignment" */ = {
			isa = XCConfigurationList;
			buildConfigurations = (
				536877842039AB3200DBADAC /* Debug */,
				536877852039AB3200DBADAC /* Release */,
			);
			defaultConfigurationIsVisible = 0;
			defaultConfigurationName = Release;
		};
		536877862039AB3200DBADAC /* Build configuration list for PBXNativeTarget "FifthAssignment" */ = {
			isa = XCConfigurationList;
			buildConfigurations = (
				536877872039AB3200DBADAC /* Debug */,
				536877882039AB3200DBADAC /* Release */,
			);
			defaultConfigurationIsVisible = 0;
			defaultConfigurationName = Release;
		};
/* End XCConfigurationList section */

/* Begin XCVersionGroup section */
		5368777B2039AB3200DBADAC /* FifthAssignment.xcdatamodeld */ = {
			isa = XCVersionGroup;
			children = (
				5368777C2039AB3200DBADAC /* FifthAssignment.xcdatamodel */,
			);
			currentVersion = 5368777C2039AB3200DBADAC /* FifthAssignment.xcdatamodel */;
			path = FifthAssignment.xcdatamodeld;
			sourceTree = "<group>";
			versionGroupType = wrapper.xcdatamodel;
		};
/* End XCVersionGroup section */
	};
	rootObject = 536877692039AB3200DBADAC /* Project object */;
}
